
Microsoft Visual Studio Solution File, Format Version 12.00
# Visual Studio Version 17
VisualStudioVersion = 17.14.36310.24
MinimumVisualStudioVersion = 10.0.40219.1
Project("{FAE04EC0-301F-11D3-BF4B-00C04F79EFBC}") = "Homework", "Homework\Homework.csproj", "{9D96CF0A-DCE3-482A-9D20-537E6D2016E9}"
EndProject
Project("{FAE04EC0-301F-11D3-BF4B-00C04F79EFBC}") = "Task1", "Task1\Task1.csproj", "{6D337766-A536-456D-BFFE-2FE10B27127D}"
EndProject
Project("{FAE04EC0-301F-11D3-BF4B-00C04F79EFBC}") = "Poem", "Poem\Poem.csproj", "{9D59E688-0D0B-4CFD-AF6F-70C6CF156517}"
EndProject
Project("{2150E333-8FDC-42A3-9474-1A3956D46DE8}") = "FirstTask", "FirstTask", "{02EA681E-C7D8-13C7-8484-4AC65E1B71E8}"
EndProject
Project("{FAE04EC0-301F-11D3-BF4B-00C04F79EFBC}") = "FabricReports", "FabricReports\FabricReports.csproj", "{39A51D5D-EE6F-446A-B41C-3B3C34D21BAD}"
EndProject
Project("{FAE04EC0-301F-11D3-BF4B-00C04F79EFBC}") = "Task4_5_6", "Task4\Task4_5_6.csproj", "{341009B2-92FE-46F8-AB47-32BC97F88EF2}"
EndProject
Project("{FAE04EC0-301F-11D3-BF4B-00C04F79EFBC}") = "Task7_8", "Task8\Task7_8.csproj", "{3FABF114-E701-4AAB-9A79-270920D67DBF}"
EndProject
Global
	GlobalSection(SolutionConfigurationPlatforms) = preSolution
		Debug|Any CPU = Debug|Any CPU
		Release|Any CPU = Release|Any CPU
	EndGlobalSection
	GlobalSection(ProjectConfigurationPlatforms) = postSolution
		{9D96CF0A-DCE3-482A-9D20-537E6D2016E9}.Debug|Any CPU.ActiveCfg = Debug|Any CPU
		{9D96CF0A-DCE3-482A-9D20-537E6D2016E9}.Debug|Any CPU.Build.0 = Debug|Any CPU
		{9D96CF0A-DCE3-482A-9D20-537E6D2016E9}.Release|Any CPU.ActiveCfg = Release|Any CPU
		{9D96CF0A-DCE3-482A-9D20-537E6D2016E9}.Release|Any CPU.Build.0 = Release|Any CPU
		{6D337766-A536-456D-BFFE-2FE10B27127D}.Debug|Any CPU.ActiveCfg = Debug|Any CPU
		{6D337766-A536-456D-BFFE-2FE10B27127D}.Debug|Any CPU.Build.0 = Debug|Any CPU
		{6D337766-A536-456D-BFFE-2FE10B27127D}.Release|Any CPU.ActiveCfg = Release|Any CPU
		{6D337766-A536-456D-BFFE-2FE10B27127D}.Release|Any CPU.Build.0 = Release|Any CPU
		{9D59E688-0D0B-4CFD-AF6F-70C6CF156517}.Debug|Any CPU.ActiveCfg = Debug|Any CPU
		{9D59E688-0D0B-4CFD-AF6F-70C6CF156517}.Debug|Any CPU.Build.0 = Debug|Any CPU
		{9D59E688-0D0B-4CFD-AF6F-70C6CF156517}.Release|Any CPU.ActiveCfg = Release|Any CPU
		{9D59E688-0D0B-4CFD-AF6F-70C6CF156517}.Release|Any CPU.Build.0 = Release|Any CPU
		{39A51D5D-EE6F-446A-B41C-3B3C34D21BAD}.Debug|Any CPU.ActiveCfg = Debug|Any CPU
		{39A51D5D-EE6F-446A-B41C-3B3C34D21BAD}.Debug|Any CPU.Build.0 = Debug|Any CPU
		{39A51D5D-EE6F-446A-B41C-3B3C34D21BAD}.Release|Any CPU.ActiveCfg = Release|Any CPU
		{39A51D5D-EE6F-446A-B41C-3B3C34D21BAD}.Release|Any CPU.Build.0 = Release|Any CPU
		{341009B2-92FE-46F8-AB47-32BC97F88EF2}.Debug|Any CPU.ActiveCfg = Debug|Any CPU
		{341009B2-92FE-46F8-AB47-32BC97F88EF2}.Debug|Any CPU.Build.0 = Debug|Any CPU
		{341009B2-92FE-46F8-AB47-32BC97F88EF2}.Release|Any CPU.ActiveCfg = Release|Any CPU
		{341009B2-92FE-46F8-AB47-32BC97F88EF2}.Release|Any CPU.Build.0 = Release|Any CPU
		{3FABF114-E701-4AAB-9A79-270920D67DBF}.Debug|Any CPU.ActiveCfg = Debug|Any CPU
		{3FABF114-E701-4AAB-9A79-270920D67DBF}.Debug|Any CPU.Build.0 = Debug|Any CPU
		{3FABF114-E701-4AAB-9A79-270920D67DBF}.Release|Any CPU.ActiveCfg = Release|Any CPU
		{3FABF114-E701-4AAB-9A79-270920D67DBF}.Release|Any CPU.Build.0 = Release|Any CPU
	EndGlobalSection
	GlobalSection(SolutionProperties) = preSolution
		HideSolutionNode = FALSE
	EndGlobalSection
	GlobalSection(NestedProjects) = preSolution
		{6D337766-A536-456D-BFFE-2FE10B27127D} = {02EA681E-C7D8-13C7-8484-4AC65E1B71E8}
		{9D59E688-0D0B-4CFD-AF6F-70C6CF156517} = {02EA681E-C7D8-13C7-8484-4AC65E1B71E8}
		{39A51D5D-EE6F-446A-B41C-3B3C34D21BAD} = {02EA681E-C7D8-13C7-8484-4AC65E1B71E8}
	EndGlobalSection
	GlobalSection(ExtensibilityGlobals) = postSolution
		SolutionGuid = {51C76AEE-8942-4AB3-A919-0DDC62214721}
	EndGlobalSection
EndGlobal
